
Microsoft Visual Studio Solution File, Format Version 12.00
# Visual Studio Version 17
VisualStudioVersion = 17.14.36310.24
MinimumVisualStudioVersion = 10.0.40219.1
Project("{FAE04EC0-301F-11D3-BF4B-00C04F79EFBC}") = "Code", "ConsoleApp1\Code.csproj", "{423E03D4-7535-480E-98C1-42A1F35ABAF7}"
EndProject
Global
	GlobalSection(SolutionConfigurationPlatforms) = preSolution
		Debug|Any CPU = Debug|Any CPU
		Release|Any CPU = Release|Any CPU
	EndGlobalSection
	GlobalSection(ProjectConfigurationPlatforms) = postSolution
		{423E03D4-7535-480E-98C1-42A1F35ABAF7}.Debug|Any CPU.ActiveCfg = Debug|Any CPU
		{423E03D4-7535-480E-98C1-42A1F35ABAF7}.Debug|Any CPU.Build.0 = Debug|Any CPU
		{423E03D4-7535-480E-98C1-42A1F35ABAF7}.Release|Any CPU.ActiveCfg = Release|Any CPU
		{423E03D4-7535-480E-98C1-42A1F35ABAF7}.Release|Any CPU.Build.0 = Release|Any CPU
	EndGlobalSection
	GlobalSection(SolutionProperties) = preSolution
		HideSolutionNode = FALSE
	EndGlobalSection
	GlobalSection(ExtensibilityGlobals) = postSolution
		SolutionGuid = {21763203-E501-498F-ACD2-79DAA7CEEFCA}
	EndGlobalSection
EndGlobal
